// !$*UTF8*$!
{
	archiveVersion = 1;
	classes = {
	};
	objectVersion = 46;
	objects = {

/* Begin PBXBuildFile section */
		B6857BD85E6B83BD1BAB2A61 /* Pods_OutloudMVP.framework in Frameworks */ = {isa = PBXBuildFile; fileRef = C16C86DA9BCFCD78DB593ACA /* Pods_OutloudMVP.framework */; settings = {ATTRIBUTES = (Weak, ); }; };
		DB02F2081BCA25F800064CEB /* ArticleDetails.swift in Sources */ = {isa = PBXBuildFile; fileRef = DB02F2071BCA25F800064CEB /* ArticleDetails.swift */; };
		DB02F20A1BCA28D300064CEB /* ArticleList.swift in Sources */ = {isa = PBXBuildFile; fileRef = DB02F2091BCA28D300064CEB /* ArticleList.swift */; };
		DB0975D81BCF8A5100B9F77C /* backyardBees.mp3 in Resources */ = {isa = PBXBuildFile; fileRef = DB0975D71BCF8A5100B9F77C /* backyardBees.mp3 */; settings = {ASSET_TAGS = (); }; };
		DBC15B751BCF644600C4DCC6 /* ArticleHeader.swift in Sources */ = {isa = PBXBuildFile; fileRef = DBC15B741BCF644600C4DCC6 /* ArticleHeader.swift */; };
		F3332C8B1BC98DA3003DF922 /* AppDelegate.swift in Sources */ = {isa = PBXBuildFile; fileRef = F3332C8A1BC98DA3003DF922 /* AppDelegate.swift */; };
		F3332C8D1BC98DA3003DF922 /* ViewController.swift in Sources */ = {isa = PBXBuildFile; fileRef = F3332C8C1BC98DA3003DF922 /* ViewController.swift */; };
		F3332C921BC98DA3003DF922 /* Assets.xcassets in Resources */ = {isa = PBXBuildFile; fileRef = F3332C911BC98DA3003DF922 /* Assets.xcassets */; };
		F3332C951BC98DA3003DF922 /* LaunchScreen.storyboard in Resources */ = {isa = PBXBuildFile; fileRef = F3332C931BC98DA3003DF922 /* LaunchScreen.storyboard */; };
		F3332CA01BC98DA3003DF922 /* OutloudMVPTests.swift in Sources */ = {isa = PBXBuildFile; fileRef = F3332C9F1BC98DA3003DF922 /* OutloudMVPTests.swift */; };
		F3332CAB1BC98DA3003DF922 /* OutloudMVPUITests.swift in Sources */ = {isa = PBXBuildFile; fileRef = F3332CAA1BC98DA3003DF922 /* OutloudMVPUITests.swift */; };
		F35D5B311BCF2ED30019C2B9 /* GlobalFonts.swift in Sources */ = {isa = PBXBuildFile; fileRef = F35D5B301BCF2ED30019C2B9 /* GlobalFonts.swift */; };
		F35D5B331BCF42A70019C2B9 /* Main.storyboard in Resources */ = {isa = PBXBuildFile; fileRef = F35D5B321BCF42A70019C2B9 /* Main.storyboard */; };
		F35D5B351BCF43040019C2B9 /* MainNavigationController.swift in Sources */ = {isa = PBXBuildFile; fileRef = F35D5B341BCF43040019C2B9 /* MainNavigationController.swift */; };
		F35D5B371BCF46D70019C2B9 /* GlobalViewFunctions.swift in Sources */ = {isa = PBXBuildFile; fileRef = F35D5B361BCF46D70019C2B9 /* GlobalViewFunctions.swift */; };
		F3C40AB31BCAB09600A033FF /* RecordPageViewController.swift in Sources */ = {isa = PBXBuildFile; fileRef = F3C40AB21BCAB09600A033FF /* RecordPageViewController.swift */; };
		F3C40ABA1BCAB44A00A033FF /* RecordButton.swift in Sources */ = {isa = PBXBuildFile; fileRef = F3C40AB91BCAB44A00A033FF /* RecordButton.swift */; };
		F3F127231BCC823B00F15E21 /* GlobalColors.swift in Sources */ = {isa = PBXBuildFile; fileRef = F3F127221BCC823B00F15E21 /* GlobalColors.swift */; };
/* End PBXBuildFile section */

/* Begin PBXContainerItemProxy section */
		F3332C9C1BC98DA3003DF922 /* PBXContainerItemProxy */ = {
			isa = PBXContainerItemProxy;
			containerPortal = F3332C7F1BC98DA3003DF922 /* Project object */;
			proxyType = 1;
			remoteGlobalIDString = F3332C861BC98DA3003DF922;
			remoteInfo = OutloudMVP;
		};
		F3332CA71BC98DA3003DF922 /* PBXContainerItemProxy */ = {
			isa = PBXContainerItemProxy;
			containerPortal = F3332C7F1BC98DA3003DF922 /* Project object */;
			proxyType = 1;
			remoteGlobalIDString = F3332C861BC98DA3003DF922;
			remoteInfo = OutloudMVP;
		};
/* End PBXContainerItemProxy section */

/* Begin PBXFileReference section */
		50056F4AFFE9C35607D4A4D0 /* Pods-OutloudMVP.release.xcconfig */ = {isa = PBXFileReference; includeInIndex = 1; lastKnownFileType = text.xcconfig; name = "Pods-OutloudMVP.release.xcconfig"; path = "Pods/Target Support Files/Pods-OutloudMVP/Pods-OutloudMVP.release.xcconfig"; sourceTree = "<group>"; };
		8960603C0EF526FA2406CA24 /* Pods-OutloudMVP.debug.xcconfig */ = {isa = PBXFileReference; includeInIndex = 1; lastKnownFileType = text.xcconfig; name = "Pods-OutloudMVP.debug.xcconfig"; path = "Pods/Target Support Files/Pods-OutloudMVP/Pods-OutloudMVP.debug.xcconfig"; sourceTree = "<group>"; };
		C16C86DA9BCFCD78DB593ACA /* Pods_OutloudMVP.framework */ = {isa = PBXFileReference; explicitFileType = wrapper.framework; includeInIndex = 0; path = Pods_OutloudMVP.framework; sourceTree = BUILT_PRODUCTS_DIR; };
		DB02F2071BCA25F800064CEB /* ArticleDetails.swift */ = {isa = PBXFileReference; fileEncoding = 4; lastKnownFileType = sourcecode.swift; path = ArticleDetails.swift; sourceTree = "<group>"; };
		DB02F2091BCA28D300064CEB /* ArticleList.swift */ = {isa = PBXFileReference; fileEncoding = 4; lastKnownFileType = sourcecode.swift; path = ArticleList.swift; sourceTree = "<group>"; };
		DB0975D71BCF8A5100B9F77C /* backyardBees.mp3 */ = {isa = PBXFileReference; lastKnownFileType = audio.mp3; name = backyardBees.mp3; path = ../../../../../Desktop/backyardBees.mp3; sourceTree = "<group>"; };
		DB5664241BC9994C00568D8E /* AVFoundation.framework */ = {isa = PBXFileReference; lastKnownFileType = wrapper.framework; name = AVFoundation.framework; path = System/Library/Frameworks/AVFoundation.framework; sourceTree = SDKROOT; };
		DBC15B741BCF644600C4DCC6 /* ArticleHeader.swift */ = {isa = PBXFileReference; fileEncoding = 4; lastKnownFileType = sourcecode.swift; path = ArticleHeader.swift; sourceTree = "<group>"; };
		F3332C871BC98DA3003DF922 /* OutloudMVP.app */ = {isa = PBXFileReference; explicitFileType = wrapper.application; includeInIndex = 0; path = OutloudMVP.app; sourceTree = BUILT_PRODUCTS_DIR; };
		F3332C8A1BC98DA3003DF922 /* AppDelegate.swift */ = {isa = PBXFileReference; lastKnownFileType = sourcecode.swift; path = AppDelegate.swift; sourceTree = "<group>"; };
		F3332C8C1BC98DA3003DF922 /* ViewController.swift */ = {isa = PBXFileReference; lastKnownFileType = sourcecode.swift; path = ViewController.swift; sourceTree = "<group>"; };
		F3332C911BC98DA3003DF922 /* Assets.xcassets */ = {isa = PBXFileReference; lastKnownFileType = folder.assetcatalog; path = Assets.xcassets; sourceTree = "<group>"; };
		F3332C941BC98DA3003DF922 /* Base */ = {isa = PBXFileReference; lastKnownFileType = file.storyboard; name = Base; path = Base.lproj/LaunchScreen.storyboard; sourceTree = "<group>"; };
		F3332C961BC98DA3003DF922 /* Info.plist */ = {isa = PBXFileReference; lastKnownFileType = text.plist.xml; path = Info.plist; sourceTree = "<group>"; };
		F3332C9B1BC98DA3003DF922 /* OutloudMVPTests.xctest */ = {isa = PBXFileReference; explicitFileType = wrapper.cfbundle; includeInIndex = 0; path = OutloudMVPTests.xctest; sourceTree = BUILT_PRODUCTS_DIR; };
		F3332C9F1BC98DA3003DF922 /* OutloudMVPTests.swift */ = {isa = PBXFileReference; lastKnownFileType = sourcecode.swift; path = OutloudMVPTests.swift; sourceTree = "<group>"; };
		F3332CA11BC98DA3003DF922 /* Info.plist */ = {isa = PBXFileReference; lastKnownFileType = text.plist.xml; path = Info.plist; sourceTree = "<group>"; };
		F3332CA61BC98DA3003DF922 /* OutloudMVPUITests.xctest */ = {isa = PBXFileReference; explicitFileType = wrapper.cfbundle; includeInIndex = 0; path = OutloudMVPUITests.xctest; sourceTree = BUILT_PRODUCTS_DIR; };
		F3332CAA1BC98DA3003DF922 /* OutloudMVPUITests.swift */ = {isa = PBXFileReference; lastKnownFileType = sourcecode.swift; path = OutloudMVPUITests.swift; sourceTree = "<group>"; };
		F3332CAC1BC98DA3003DF922 /* Info.plist */ = {isa = PBXFileReference; lastKnownFileType = text.plist.xml; path = Info.plist; sourceTree = "<group>"; };
		F35D5B301BCF2ED30019C2B9 /* GlobalFonts.swift */ = {isa = PBXFileReference; fileEncoding = 4; lastKnownFileType = sourcecode.swift; path = GlobalFonts.swift; sourceTree = "<group>"; };
		F35D5B321BCF42A70019C2B9 /* Main.storyboard */ = {isa = PBXFileReference; fileEncoding = 4; lastKnownFileType = file.storyboard; path = Main.storyboard; sourceTree = "<group>"; };
		F35D5B341BCF43040019C2B9 /* MainNavigationController.swift */ = {isa = PBXFileReference; fileEncoding = 4; lastKnownFileType = sourcecode.swift; path = MainNavigationController.swift; sourceTree = "<group>"; };
		F35D5B361BCF46D70019C2B9 /* GlobalViewFunctions.swift */ = {isa = PBXFileReference; fileEncoding = 4; lastKnownFileType = sourcecode.swift; path = GlobalViewFunctions.swift; sourceTree = "<group>"; };
		F3C40AB21BCAB09600A033FF /* RecordPageViewController.swift */ = {isa = PBXFileReference; fileEncoding = 4; lastKnownFileType = sourcecode.swift; path = RecordPageViewController.swift; sourceTree = "<group>"; };
		F3C40AB91BCAB44A00A033FF /* RecordButton.swift */ = {isa = PBXFileReference; fileEncoding = 4; lastKnownFileType = sourcecode.swift; path = RecordButton.swift; sourceTree = "<group>"; };
		F3F127221BCC823B00F15E21 /* GlobalColors.swift */ = {isa = PBXFileReference; fileEncoding = 4; lastKnownFileType = sourcecode.swift; path = GlobalColors.swift; sourceTree = "<group>"; };
/* End PBXFileReference section */

/* Begin PBXFrameworksBuildPhase section */
		F3332C841BC98DA3003DF922 /* Frameworks */ = {
			isa = PBXFrameworksBuildPhase;
			buildActionMask = 2147483647;
			files = (
				B6857BD85E6B83BD1BAB2A61 /* Pods_OutloudMVP.framework in Frameworks */,
			);
			runOnlyForDeploymentPostprocessing = 0;
		};
		F3332C981BC98DA3003DF922 /* Frameworks */ = {
			isa = PBXFrameworksBuildPhase;
			buildActionMask = 2147483647;
			files = (
			);
			runOnlyForDeploymentPostprocessing = 0;
		};
		F3332CA31BC98DA3003DF922 /* Frameworks */ = {
			isa = PBXFrameworksBuildPhase;
			buildActionMask = 2147483647;
			files = (
			);
			runOnlyForDeploymentPostprocessing = 0;
		};
/* End PBXFrameworksBuildPhase section */

/* Begin PBXGroup section */
		35A7B5EB1095A11966116738 /* Pods */ = {
			isa = PBXGroup;
			children = (
				8960603C0EF526FA2406CA24 /* Pods-OutloudMVP.debug.xcconfig */,
				50056F4AFFE9C35607D4A4D0 /* Pods-OutloudMVP.release.xcconfig */,
			);
			name = Pods;
			sourceTree = "<group>";
		};
		9A69A350BE41733EBDD20AAE /* Frameworks */ = {
			isa = PBXGroup;
			children = (
				DB5664241BC9994C00568D8E /* AVFoundation.framework */,
				C16C86DA9BCFCD78DB593ACA /* Pods_OutloudMVP.framework */,
			);
			name = Frameworks;
			sourceTree = "<group>";
		};
		DBC15B731BCF640700C4DCC6 /* Cells */ = {
			isa = PBXGroup;
			children = (
				DBC15B741BCF644600C4DCC6 /* ArticleHeader.swift */,
			);
			name = Cells;
			sourceTree = "<group>";
		};
		F3332C7E1BC98DA3003DF922 = {
			isa = PBXGroup;
			children = (
				F3332C891BC98DA3003DF922 /* OutloudMVP */,
				F3332C9E1BC98DA3003DF922 /* OutloudMVPTests */,
				F3332CA91BC98DA3003DF922 /* OutloudMVPUITests */,
				F3332C881BC98DA3003DF922 /* Products */,
				35A7B5EB1095A11966116738 /* Pods */,
				9A69A350BE41733EBDD20AAE /* Frameworks */,
			);
			sourceTree = "<group>";
		};
		F3332C881BC98DA3003DF922 /* Products */ = {
			isa = PBXGroup;
			children = (
				F3332C871BC98DA3003DF922 /* OutloudMVP.app */,
				F3332C9B1BC98DA3003DF922 /* OutloudMVPTests.xctest */,
				F3332CA61BC98DA3003DF922 /* OutloudMVPUITests.xctest */,
			);
			name = Products;
			sourceTree = "<group>";
		};
		F3332C891BC98DA3003DF922 /* OutloudMVP */ = {
			isa = PBXGroup;
			children = (
				DBC15B731BCF640700C4DCC6 /* Cells */,
				F35D5B2F1BCF2EB70019C2B9 /* Global */,
				F3F127251BCC867100F15E21 /* SupportFiles */,
				F3C40AB41BCAB1C300A033FF /* Views */,
				F3C40AB11BCAB02600A033FF /* ViewControllers */,
				F3332C8A1BC98DA3003DF922 /* AppDelegate.swift */,
				F3332C8C1BC98DA3003DF922 /* ViewController.swift */,
				DB02F2071BCA25F800064CEB /* ArticleDetails.swift */,
				DB02F2091BCA28D300064CEB /* ArticleList.swift */,
				F3332C911BC98DA3003DF922 /* Assets.xcassets */,
				F3332C931BC98DA3003DF922 /* LaunchScreen.storyboard */,
				F3332C961BC98DA3003DF922 /* Info.plist */,
				F35D5B321BCF42A70019C2B9 /* Main.storyboard */,
				F35D5B341BCF43040019C2B9 /* MainNavigationController.swift */,
			);
			path = OutloudMVP;
			sourceTree = "<group>";
		};
		F3332C9E1BC98DA3003DF922 /* OutloudMVPTests */ = {
			isa = PBXGroup;
			children = (
				F3332C9F1BC98DA3003DF922 /* OutloudMVPTests.swift */,
				F3332CA11BC98DA3003DF922 /* Info.plist */,
			);
			path = OutloudMVPTests;
			sourceTree = "<group>";
		};
		F3332CA91BC98DA3003DF922 /* OutloudMVPUITests */ = {
			isa = PBXGroup;
			children = (
				F3332CAA1BC98DA3003DF922 /* OutloudMVPUITests.swift */,
				F3332CAC1BC98DA3003DF922 /* Info.plist */,
			);
			path = OutloudMVPUITests;
			sourceTree = "<group>";
		};
		F35D5B2F1BCF2EB70019C2B9 /* Global */ = {
			isa = PBXGroup;
			children = (
				DB0975D71BCF8A5100B9F77C /* backyardBees.mp3 */,
				F35D5B361BCF46D70019C2B9 /* GlobalViewFunctions.swift */,
				F3F127221BCC823B00F15E21 /* GlobalColors.swift */,
				F35D5B301BCF2ED30019C2B9 /* GlobalFonts.swift */,
			);
			name = Global;
			sourceTree = "<group>";
		};
		F3C40AB11BCAB02600A033FF /* ViewControllers */ = {
			isa = PBXGroup;
			children = (
				F3C40AB21BCAB09600A033FF /* RecordPageViewController.swift */,
			);
			name = ViewControllers;
			sourceTree = "<group>";
		};
		F3C40AB41BCAB1C300A033FF /* Views */ = {
			isa = PBXGroup;
			children = (
				F3C40AB91BCAB44A00A033FF /* RecordButton.swift */,
			);
			name = Views;
			sourceTree = "<group>";
		};
		F3F127251BCC867100F15E21 /* SupportFiles */ = {
			isa = PBXGroup;
			children = (
			);
			name = SupportFiles;
			sourceTree = "<group>";
		};
/* End PBXGroup section */

/* Begin PBXNativeTarget section */
		F3332C861BC98DA3003DF922 /* OutloudMVP */ = {
			isa = PBXNativeTarget;
			buildConfigurationList = F3332CAF1BC98DA3003DF922 /* Build configuration list for PBXNativeTarget "OutloudMVP" */;
			buildPhases = (
				83D1F7538CC495A1BFCC85AE /* Check Pods Manifest.lock */,
				F3332C831BC98DA3003DF922 /* Sources */,
				F3332C841BC98DA3003DF922 /* Frameworks */,
				F3332C851BC98DA3003DF922 /* Resources */,
				6FB4B77305B9A0FF3BB4597F /* Copy Pods Resources */,
				E4048B7147F1A36760EB4C9A /* Embed Pods Frameworks */,
			);
			buildRules = (
			);
			dependencies = (
			);
			name = OutloudMVP;
			productName = OutloudMVP;
			productReference = F3332C871BC98DA3003DF922 /* OutloudMVP.app */;
			productType = "com.apple.product-type.application";
		};
		F3332C9A1BC98DA3003DF922 /* OutloudMVPTests */ = {
			isa = PBXNativeTarget;
			buildConfigurationList = F3332CB21BC98DA3003DF922 /* Build configuration list for PBXNativeTarget "OutloudMVPTests" */;
			buildPhases = (
				F3332C971BC98DA3003DF922 /* Sources */,
				F3332C981BC98DA3003DF922 /* Frameworks */,
				F3332C991BC98DA3003DF922 /* Resources */,
			);
			buildRules = (
			);
			dependencies = (
				F3332C9D1BC98DA3003DF922 /* PBXTargetDependency */,
			);
			name = OutloudMVPTests;
			productName = OutloudMVPTests;
			productReference = F3332C9B1BC98DA3003DF922 /* OutloudMVPTests.xctest */;
			productType = "com.apple.product-type.bundle.unit-test";
		};
		F3332CA51BC98DA3003DF922 /* OutloudMVPUITests */ = {
			isa = PBXNativeTarget;
			buildConfigurationList = F3332CB51BC98DA3003DF922 /* Build configuration list for PBXNativeTarget "OutloudMVPUITests" */;
			buildPhases = (
				F3332CA21BC98DA3003DF922 /* Sources */,
				F3332CA31BC98DA3003DF922 /* Frameworks */,
				F3332CA41BC98DA3003DF922 /* Resources */,
			);
			buildRules = (
			);
			dependencies = (
				F3332CA81BC98DA3003DF922 /* PBXTargetDependency */,
			);
			name = OutloudMVPUITests;
			productName = OutloudMVPUITests;
			productReference = F3332CA61BC98DA3003DF922 /* OutloudMVPUITests.xctest */;
			productType = "com.apple.product-type.bundle.ui-testing";
		};
/* End PBXNativeTarget section */

/* Begin PBXProject section */
		F3332C7F1BC98DA3003DF922 /* Project object */ = {
			isa = PBXProject;
			attributes = {
				LastUpgradeCheck = 0700;
				ORGANIZATIONNAME = Outloud;
				TargetAttributes = {
					F3332C861BC98DA3003DF922 = {
						CreatedOnToolsVersion = 7.0.1;
						DevelopmentTeam = 4WH4482LBV;
					};
					F3332C9A1BC98DA3003DF922 = {
						CreatedOnToolsVersion = 7.0.1;
						TestTargetID = F3332C861BC98DA3003DF922;
					};
					F3332CA51BC98DA3003DF922 = {
						CreatedOnToolsVersion = 7.0.1;
						TestTargetID = F3332C861BC98DA3003DF922;
					};
				};
			};
			buildConfigurationList = F3332C821BC98DA3003DF922 /* Build configuration list for PBXProject "OutloudMVP" */;
			compatibilityVersion = "Xcode 3.2";
			developmentRegion = English;
			hasScannedForEncodings = 0;
			knownRegions = (
				en,
				Base,
			);
			mainGroup = F3332C7E1BC98DA3003DF922;
			productRefGroup = F3332C881BC98DA3003DF922 /* Products */;
			projectDirPath = "";
			projectRoot = "";
			targets = (
				F3332C861BC98DA3003DF922 /* OutloudMVP */,
				F3332C9A1BC98DA3003DF922 /* OutloudMVPTests */,
				F3332CA51BC98DA3003DF922 /* OutloudMVPUITests */,
			);
		};
/* End PBXProject section */

/* Begin PBXResourcesBuildPhase section */
		F3332C851BC98DA3003DF922 /* Resources */ = {
			isa = PBXResourcesBuildPhase;
			buildActionMask = 2147483647;
			files = (
				F3332C951BC98DA3003DF922 /* LaunchScreen.storyboard in Resources */,
				F3332C921BC98DA3003DF922 /* Assets.xcassets in Resources */,
				DB0975D81BCF8A5100B9F77C /* backyardBees.mp3 in Resources */,
				F35D5B331BCF42A70019C2B9 /* Main.storyboard in Resources */,
			);
			runOnlyForDeploymentPostprocessing = 0;
		};
		F3332C991BC98DA3003DF922 /* Resources */ = {
			isa = PBXResourcesBuildPhase;
			buildActionMask = 2147483647;
			files = (
			);
			runOnlyForDeploymentPostprocessing = 0;
		};
		F3332CA41BC98DA3003DF922 /* Resources */ = {
			isa = PBXResourcesBuildPhase;
			buildActionMask = 2147483647;
			files = (
			);
			runOnlyForDeploymentPostprocessing = 0;
		};
/* End PBXResourcesBuildPhase section */

/* Begin PBXShellScriptBuildPhase section */
		6FB4B77305B9A0FF3BB4597F /* Copy Pods Resources */ = {
			isa = PBXShellScriptBuildPhase;
			buildActionMask = 2147483647;
			files = (
			);
			inputPaths = (
			);
			name = "Copy Pods Resources";
			outputPaths = (
			);
			runOnlyForDeploymentPostprocessing = 0;
			shellPath = /bin/sh;
			shellScript = "\"${SRCROOT}/Pods/Target Support Files/Pods-OutloudMVP/Pods-OutloudMVP-resources.sh\"\n";
			showEnvVarsInLog = 0;
		};
		83D1F7538CC495A1BFCC85AE /* Check Pods Manifest.lock */ = {
			isa = PBXShellScriptBuildPhase;
			buildActionMask = 2147483647;
			files = (
			);
			inputPaths = (
			);
			name = "Check Pods Manifest.lock";
			outputPaths = (
			);
			runOnlyForDeploymentPostprocessing = 0;
			shellPath = /bin/sh;
			shellScript = "diff \"${PODS_ROOT}/../Podfile.lock\" \"${PODS_ROOT}/Manifest.lock\" > /dev/null\nif [[ $? != 0 ]] ; then\n    cat << EOM\nerror: The sandbox is not in sync with the Podfile.lock. Run 'pod install' or update your CocoaPods installation.\nEOM\n    exit 1\nfi\n";
			showEnvVarsInLog = 0;
		};
		E4048B7147F1A36760EB4C9A /* Embed Pods Frameworks */ = {
			isa = PBXShellScriptBuildPhase;
			buildActionMask = 2147483647;
			files = (
			);
			inputPaths = (
			);
			name = "Embed Pods Frameworks";
			outputPaths = (
			);
			runOnlyForDeploymentPostprocessing = 0;
			shellPath = /bin/sh;
			shellScript = "\"${SRCROOT}/Pods/Target Support Files/Pods-OutloudMVP/Pods-OutloudMVP-frameworks.sh\"\n";
			showEnvVarsInLog = 0;
		};
/* End PBXShellScriptBuildPhase section */

/* Begin PBXSourcesBuildPhase section */
		F3332C831BC98DA3003DF922 /* Sources */ = {
			isa = PBXSourcesBuildPhase;
			buildActionMask = 2147483647;
			files = (
				F35D5B351BCF43040019C2B9 /* MainNavigationController.swift in Sources */,
				DB02F2081BCA25F800064CEB /* ArticleDetails.swift in Sources */,
				DB02F20A1BCA28D300064CEB /* ArticleList.swift in Sources */,
				F3C40ABA1BCAB44A00A033FF /* RecordButton.swift in Sources */,
				F3C40AB31BCAB09600A033FF /* RecordPageViewController.swift in Sources */,
				DBC15B751BCF644600C4DCC6 /* ArticleHeader.swift in Sources */,
				F3332C8D1BC98DA3003DF922 /* ViewController.swift in Sources */,
				F3F127231BCC823B00F15E21 /* GlobalColors.swift in Sources */,
				F35D5B371BCF46D70019C2B9 /* GlobalViewFunctions.swift in Sources */,
				F3332C8B1BC98DA3003DF922 /* AppDelegate.swift in Sources */,
				F35D5B311BCF2ED30019C2B9 /* GlobalFonts.swift in Sources */,
			);
			runOnlyForDeploymentPostprocessing = 0;
		};
		F3332C971BC98DA3003DF922 /* Sources */ = {
			isa = PBXSourcesBuildPhase;
			buildActionMask = 2147483647;
			files = (
				F3332CA01BC98DA3003DF922 /* OutloudMVPTests.swift in Sources */,
			);
			runOnlyForDeploymentPostprocessing = 0;
		};
		F3332CA21BC98DA3003DF922 /* Sources */ = {
			isa = PBXSourcesBuildPhase;
			buildActionMask = 2147483647;
			files = (
				F3332CAB1BC98DA3003DF922 /* OutloudMVPUITests.swift in Sources */,
			);
			runOnlyForDeploymentPostprocessing = 0;
		};
/* End PBXSourcesBuildPhase section */

/* Begin PBXTargetDependency section */
		F3332C9D1BC98DA3003DF922 /* PBXTargetDependency */ = {
			isa = PBXTargetDependency;
			target = F3332C861BC98DA3003DF922 /* OutloudMVP */;
			targetProxy = F3332C9C1BC98DA3003DF922 /* PBXContainerItemProxy */;
		};
		F3332CA81BC98DA3003DF922 /* PBXTargetDependency */ = {
			isa = PBXTargetDependency;
			target = F3332C861BC98DA3003DF922 /* OutloudMVP */;
			targetProxy = F3332CA71BC98DA3003DF922 /* PBXContainerItemProxy */;
		};
/* End PBXTargetDependency section */

/* Begin PBXVariantGroup section */
		F3332C931BC98DA3003DF922 /* LaunchScreen.storyboard */ = {
			isa = PBXVariantGroup;
			children = (
				F3332C941BC98DA3003DF922 /* Base */,
			);
			name = LaunchScreen.storyboard;
			sourceTree = "<group>";
		};
/* End PBXVariantGroup section */

/* Begin XCBuildConfiguration section */
		F3332CAD1BC98DA3003DF922 /* Debug */ = {
			isa = XCBuildConfiguration;
			buildSettings = {
				ALWAYS_SEARCH_USER_PATHS = NO;
				CLANG_CXX_LANGUAGE_STANDARD = "gnu++0x";
				CLANG_CXX_LIBRARY = "libc++";
				CLANG_ENABLE_MODULES = YES;
				CLANG_ENABLE_OBJC_ARC = YES;
				CLANG_WARN_BOOL_CONVERSION = YES;
				CLANG_WARN_CONSTANT_CONVERSION = YES;
				CLANG_WARN_DIRECT_OBJC_ISA_USAGE = YES_ERROR;
				CLANG_WARN_EMPTY_BODY = YES;
				CLANG_WARN_ENUM_CONVERSION = YES;
				CLANG_WARN_INT_CONVERSION = YES;
				CLANG_WARN_OBJC_ROOT_CLASS = YES_ERROR;
				CLANG_WARN_UNREACHABLE_CODE = YES;
				CLANG_WARN__DUPLICATE_METHOD_MATCH = YES;
				"CODE_SIGN_IDENTITY[sdk=iphoneos*]" = "iPhone Developer";
				COPY_PHASE_STRIP = NO;
				DEBUG_INFORMATION_FORMAT = dwarf;
				ENABLE_STRICT_OBJC_MSGSEND = YES;
				ENABLE_TESTABILITY = YES;
				GCC_C_LANGUAGE_STANDARD = gnu99;
				GCC_DYNAMIC_NO_PIC = NO;
				GCC_NO_COMMON_BLOCKS = YES;
				GCC_OPTIMIZATION_LEVEL = 0;
				GCC_PREPROCESSOR_DEFINITIONS = (
					"DEBUG=1",
					"$(inherited)",
				);
				GCC_WARN_64_TO_32_BIT_CONVERSION = YES;
				GCC_WARN_ABOUT_RETURN_TYPE = YES_ERROR;
				GCC_WARN_UNDECLARED_SELECTOR = YES;
				GCC_WARN_UNINITIALIZED_AUTOS = YES_AGGRESSIVE;
				GCC_WARN_UNUSED_FUNCTION = YES;
				GCC_WARN_UNUSED_VARIABLE = YES;
				IPHONEOS_DEPLOYMENT_TARGET = 9.0;
				MTL_ENABLE_DEBUG_INFO = YES;
				ONLY_ACTIVE_ARCH = YES;
				SDKROOT = iphoneos;
				SWIFT_OPTIMIZATION_LEVEL = "-Onone";
				TARGETED_DEVICE_FAMILY = "1,2";
			};
			name = Debug;
		};
		F3332CAE1BC98DA3003DF922 /* Release */ = {
			isa = XCBuildConfiguration;
			buildSettings = {
				ALWAYS_SEARCH_USER_PATHS = NO;
				CLANG_CXX_LANGUAGE_STANDARD = "gnu++0x";
				CLANG_CXX_LIBRARY = "libc++";
				CLANG_ENABLE_MODULES = YES;
				CLANG_ENABLE_OBJC_ARC = YES;
				CLANG_WARN_BOOL_CONVERSION = YES;
				CLANG_WARN_CONSTANT_CONVERSION = YES;
				CLANG_WARN_DIRECT_OBJC_ISA_USAGE = YES_ERROR;
				CLANG_WARN_EMPTY_BODY = YES;
				CLANG_WARN_ENUM_CONVERSION = YES;
				CLANG_WARN_INT_CONVERSION = YES;
				CLANG_WARN_OBJC_ROOT_CLASS = YES_ERROR;
				CLANG_WARN_UNREACHABLE_CODE = YES;
				CLANG_WARN__DUPLICATE_METHOD_MATCH = YES;
				"CODE_SIGN_IDENTITY[sdk=iphoneos*]" = "iPhone Developer";
				COPY_PHASE_STRIP = NO;
				DEBUG_INFORMATION_FORMAT = "dwarf-with-dsym";
				ENABLE_NS_ASSERTIONS = NO;
				ENABLE_STRICT_OBJC_MSGSEND = YES;
				GCC_C_LANGUAGE_STANDARD = gnu99;
				GCC_NO_COMMON_BLOCKS = YES;
				GCC_WARN_64_TO_32_BIT_CONVERSION = YES;
				GCC_WARN_ABOUT_RETURN_TYPE = YES_ERROR;
				GCC_WARN_UNDECLARED_SELECTOR = YES;
				GCC_WARN_UNINITIALIZED_AUTOS = YES_AGGRESSIVE;
				GCC_WARN_UNUSED_FUNCTION = YES;
				GCC_WARN_UNUSED_VARIABLE = YES;
				IPHONEOS_DEPLOYMENT_TARGET = 9.0;
				MTL_ENABLE_DEBUG_INFO = NO;
				SDKROOT = iphoneos;
				TARGETED_DEVICE_FAMILY = "1,2";
				VALIDATE_PRODUCT = YES;
			};
			name = Release;
		};
		F3332CB01BC98DA3003DF922 /* Debug */ = {
			isa = XCBuildConfiguration;
			baseConfigurationReference = 8960603C0EF526FA2406CA24 /* Pods-OutloudMVP.debug.xcconfig */;
			buildSettings = {
				ASSETCATALOG_COMPILER_APPICON_NAME = AppIcon;
				CODE_SIGN_IDENTITY = "iPhone Developer";
				"CODE_SIGN_IDENTITY[sdk=iphoneos*]" = "iPhone Developer";
				INFOPLIST_FILE = OutloudMVP/Info.plist;
				LD_RUNPATH_SEARCH_PATHS = "$(inherited) @executable_path/Frameworks";
				PRODUCT_BUNDLE_IDENTIFIER = Outloud.OutloudMVP;
				PRODUCT_NAME = "$(TARGET_NAME)";
				PROVISIONING_PROFILE = "";
			};
			name = Debug;
		};
		F3332CB11BC98DA3003DF922 /* Release */ = {
			isa = XCBuildConfiguration;
			baseConfigurationReference = 50056F4AFFE9C35607D4A4D0 /* Pods-OutloudMVP.release.xcconfig */;
			buildSettings = {
				ASSETCATALOG_COMPILER_APPICON_NAME = AppIcon;
				CODE_SIGN_IDENTITY = "iPhone Developer";
				"CODE_SIGN_IDENTITY[sdk=iphoneos*]" = "iPhone Developer";
				INFOPLIST_FILE = OutloudMVP/Info.plist;
				LD_RUNPATH_SEARCH_PATHS = "$(inherited) @executable_path/Frameworks";
				PRODUCT_BUNDLE_IDENTIFIER = Outloud.OutloudMVP;
				PRODUCT_NAME = "$(TARGET_NAME)";
				PROVISIONING_PROFILE = "";
			};
			name = Release;
		};
		F3332CB31BC98DA3003DF922 /* Debug */ = {
			isa = XCBuildConfiguration;
			buildSettings = {
				BUNDLE_LOADER = "$(TEST_HOST)";
				INFOPLIST_FILE = OutloudMVPTests/Info.plist;
				LD_RUNPATH_SEARCH_PATHS = "$(inherited) @executable_path/Frameworks @loader_path/Frameworks";
				PRODUCT_BUNDLE_IDENTIFIER = Outloud.OutloudMVPTests;
				PRODUCT_NAME = "$(TARGET_NAME)";
				TEST_HOST = "$(BUILT_PRODUCTS_DIR)/OutloudMVP.app/OutloudMVP";
			};
			name = Debug;
		};
		F3332CB41BC98DA3003DF922 /* Release */ = {
			isa = XCBuildConfiguration;
			buildSettings = {
				BUNDLE_LOADER = "$(TEST_HOST)";
				INFOPLIST_FILE = OutloudMVPTests/Info.plist;
				LD_RUNPATH_SEARCH_PATHS = "$(inherited) @executable_path/Frameworks @loader_path/Frameworks";
				PRODUCT_BUNDLE_IDENTIFIER = Outloud.OutloudMVPTests;
				PRODUCT_NAME = "$(TARGET_NAME)";
				TEST_HOST = "$(BUILT_PRODUCTS_DIR)/OutloudMVP.app/OutloudMVP";
			};
			name = Release;
		};
		F3332CB61BC98DA3003DF922 /* Debug */ = {
			isa = XCBuildConfiguration;
			buildSettings = {
				INFOPLIST_FILE = OutloudMVPUITests/Info.plist;
				LD_RUNPATH_SEARCH_PATHS = "$(inherited) @executable_path/Frameworks @loader_path/Frameworks";
				PRODUCT_BUNDLE_IDENTIFIER = Outloud.OutloudMVPUITests;
				PRODUCT_NAME = "$(TARGET_NAME)";
				TEST_TARGET_NAME = OutloudMVP;
				USES_XCTRUNNER = YES;
			};
			name = Debug;
		};
		F3332CB71BC98DA3003DF922 /* Release */ = {
			isa = XCBuildConfiguration;
			buildSettings = {
				INFOPLIST_FILE = OutloudMVPUITests/Info.plist;
				LD_RUNPATH_SEARCH_PATHS = "$(inherited) @executable_path/Frameworks @loader_path/Frameworks";
				PRODUCT_BUNDLE_IDENTIFIER = Outloud.OutloudMVPUITests;
				PRODUCT_NAME = "$(TARGET_NAME)";
				TEST_TARGET_NAME = OutloudMVP;
				USES_XCTRUNNER = YES;
			};
			name = Release;
		};
/* End XCBuildConfiguration section */

/* Begin XCConfigurationList section */
		F3332C821BC98DA3003DF922 /* Build configuration list for PBXProject "OutloudMVP" */ = {
			isa = XCConfigurationList;
			buildConfigurations = (
				F3332CAD1BC98DA3003DF922 /* Debug */,
				F3332CAE1BC98DA3003DF922 /* Release */,
			);
			defaultConfigurationIsVisible = 0;
			defaultConfigurationName = Release;
		};
		F3332CAF1BC98DA3003DF922 /* Build configuration list for PBXNativeTarget "OutloudMVP" */ = {
			isa = XCConfigurationList;
			buildConfigurations = (
				F3332CB01BC98DA3003DF922 /* Debug */,
				F3332CB11BC98DA3003DF922 /* Release */,
			);
			defaultConfigurationIsVisible = 0;
			defaultConfigurationName = Release;
		};
		F3332CB21BC98DA3003DF922 /* Build configuration list for PBXNativeTarget "OutloudMVPTests" */ = {
			isa = XCConfigurationList;
			buildConfigurations = (
				F3332CB31BC98DA3003DF922 /* Debug */,
				F3332CB41BC98DA3003DF922 /* Release */,
			);
			defaultConfigurationIsVisible = 0;
			defaultConfigurationName = Release;
		};
		F3332CB51BC98DA3003DF922 /* Build configuration list for PBXNativeTarget "OutloudMVPUITests" */ = {
			isa = XCConfigurationList;
			buildConfigurations = (
				F3332CB61BC98DA3003DF922 /* Debug */,
				F3332CB71BC98DA3003DF922 /* Release */,
			);
			defaultConfigurationIsVisible = 0;
			defaultConfigurationName = Release;
		};
/* End XCConfigurationList section */
	};
	rootObject = F3332C7F1BC98DA3003DF922 /* Project object */;
}
